# This file is automatically @generated by Poetry 2.5.1 and should not be changed by hand.

[[package]]
name = "anyio"
version = "4.14.2"
description = "High-level concurrency and networking framework on top of asyncio or Trio"
optional = false
python-versions = ">=3.10"
groups = ["main"]
files = [
    {file = "anyio-4.14.2-py3-none-any.whl", hash = "sha256:9f505dda5ac9f0c8309b5e8bd445a8c2bf7246f3ce950121e45ea15bc41d1494"},
    {file = "anyio-4.14.2.tar.gz", hash = "sha256:cfa139f3ed1a23ee8f88a145ddb5ac7605b8bbfd8592baacd7ce3d8bb4313c7f"},
]

[package.dependencies]
idna = ">=2.8"
typing_extensions = {version = ">=4.5", markers = "python_version < \"3.13\""}

[package.extras]
trio = ["trio (>=0.32.0)"]

[[package]]
name = "certifi"
version = "2025.10.5"
description = "Python package for providing Mozilla's CA Bundle."
optional = false
python-versions = ">=3.7"
groups = ["main"]
files = [
    {file = "certifi-2025.10.5-py3-none-any.whl", hash = "sha256:0f212c2744a9bb6de0c56639a6f68afe01ecd92d91f14ae897c4fe7bbeeef0de"},
    {file = "certifi-2025.10.5.tar.gz", hash = "sha256:47c09d31ccf2acf0be3f701ea53595ee7e0b8fa08801c6624be771df09ae7b43"},
]

[[package]]
name = "colorama"
version = "0.4.6"
description = "Cross-platform colored terminal text."
optional = true
python-versions = "!=3.0.*,!=3.1.*,!=3.2.*,!=3.3.*,!=3.4.*,!=3.5.*,!=3.6.*,>=2.7"
groups = ["main"]
markers = "extra == \"dev\" and sys_platform == \"win32\""
files = [
    {file = "colorama-0.4.6-py2.py3-none-any.whl", hash = "sha256:4f1d9991f5acc0ca119f9d443620b77f9d6b33703e51011c16baf57afb285fc6"},
    {file = "colorama-0.4.6.tar.gz", hash = "sha256:08695f5cb7ed6e0531a20572697297273c47b8cae5a63ffc6d6ed5c201be6e44"},
]

[[package]]
name = "greenlet"
version = "3.2.4"
description = "Lightweight in-process concurrent programming"
optional = false
python-versions = ">=3.9"
groups = ["main"]
markers = "platform_machine == \"aarch64\" or platform_machine == \"ppc64le\" or platform_machine == \"x86_64\" or platform_machine == \"amd64\" or platform_machine == \"AMD64\" or platform_machine == \"win32\" or platform_machine == \"WIN32\""
files = [
    {file = "greenlet-3.2.4-cp310-cp310-macosx_11_0_universal2.whl", hash = "sha256:8c68325b0d0acf8d91dde4e6f930967dd52a5302cd4062932a6b2e7c2969f47c"},
    {file = "greenlet-3.2.4-cp310-cp310-manylinux2014_aarch64.manylinux_2_17_aarch64.whl", hash = "sha256:94385f101946790ae13da500603491f04a76b6e4c059dab271b3ce2e283b2590"},
    {file = "greenlet-3.2.4-cp310-cp310-manylinux2014_ppc64le.manylinux_2_17_ppc64le.whl", hash = "sha256:f10fd42b5ee276335863712fa3da6608e93f70629c631bf77145021600abc23c"},
    {file = "greenlet-3.2.4-cp310-cp310-manylinux2014_s390x.manylinux_2_17_s390x.whl", hash = "sha256:c8c9e331e58180d0d83c5b7999255721b725913ff6bc6cf39fa2a45841a4fd4b"},
    {file = "greenlet-3.2.4-cp310-cp310-manylinux2014_x86_64.manylinux_2_17_x86_64.whl", hash = "sha256:58b97143c9cc7b86fc458f215bd0932f1757ce649e05b640fea2e79b54cedb31"},
    {file = "greenlet-3.2.4-cp310-cp310-manylinux_2_24_x86_64.manylinux_2_28_x86_64.whl", hash = "sha256:c2ca18a03a8cfb5b25bc1cbe20f3d9a4c80d8c3b13ba3df49ac3961af0b1018d"},
    {file = "greenlet-3.2.4-cp310-cp310-musllinux_1_1_aarch64.whl", hash = "sha256:9fe0a28a7b952a21e2c062cd5756d34354117796c6d9215a87f55e38d15402c5"},
    {file = "greenlet-3.2.4-cp310-cp310-musllinux_1_1_x86_64.whl", hash = "sha256:8854167e06950ca75b898b104b63cc646573aa5fef1353d4508ecdd1ee76254f"},
    {file = "greenlet-3.2.4-cp310-cp310-musllinux_1_2_aarch64.whl", hash = "sha256:f47617f698838ba98f4ff4189aef02e7343952df3a615f847bb575c3feb177a7"},
    {file = "greenlet-3.2.4-cp310-cp310-musllinux_1_2_x86_64.whl", hash = "sha256:af41be48a4f60429d5cad9d22175217805098a9ef7c40bfef44f7669fb9d74d8"},
    {file = "greenlet-3.2.4-cp310-cp310-win_amd64.whl", hash = "sha256:73f49b5368b5359d04e18d15828eecc1806033db5233397748f4ca813ff1056c"},
    {file = "greenlet-3.2.4-cp311-cp311-macosx_11_0_universal2.whl", hash = "sha256:96378df1de302bc38e99c3a9aa311967b7dc80ced1dcc6f171e99842987882a2"},
    {file = "greenlet-3.2.4-cp311-cp311-manylinux2014_aarch64.manylinux_2_17_aarch64.whl", hash = "sha256:1ee8fae0519a337f2329cb78bd7a8e128ec0f881073d43f023c7b8d4831d5246"},
    {file = "greenlet-3.2.4-cp311-cp311-manylinux2014_ppc64le.manylinux_2_17_ppc64le.whl", hash = "sha256:94abf90142c2a18151632371140b3dba4dee031633fe614cb592dbb6c9e17bc3"},
    {file = "greenlet-3.2.4-cp311-cp311-manylinux2014_s390x.manylinux_2_17_s390x.whl", hash = "sha256:4d1378601b85e2e5171b99be8d2dc85f594c79967599328f95c1dc1a40f1c633"},
    {file = "greenlet-3.2.4-cp311-cp311-manylinux2014_x86_64.manylinux_2_17_x86_64.whl", hash = "sha256:0db5594dce18db94f7d1650d7489909b57afde4c580806b8d9203b6e79cdc079"},
    {file = "greenlet-3.2.4-cp311-cp311-manylinux_2_24_x86_64.manylinux_2_28_x86_64.whl", hash = "sha256:2523e5246274f54fdadbce8494458a2ebdcdbc7b802318466ac5606d3cded1f8"},
    {file = "greenlet-3.2.4-cp311-cp311-musllinux_1_1_aarch64.whl", hash = "sha256:1987de92fec508535687fb807a5cea1560f6196285a4cde35c100b8cd632cc52"},
    {file = "greenlet-3.2.4-cp311-cp311-musllinux_1_1_x86_64.whl", hash = "sha256:55e9c5affaa6775e2c6b67659f3a71684de4c549b3dd9afca3bc773533d284fa"},
    {file = "greenlet-3.2.4-cp311-cp311-musllinux_1_2_aarch64.whl", hash = "sha256:c9c6de1940a7d828635fbd254d69db79e54619f165ee7ce32fda763a9cb6a58c"},
    {file = "greenlet-3.2.4-cp311-cp311-musllinux_1_2_x86_64.whl", hash = "sha256:03c5136e7be905045160b1b9fdca93dd6727b180feeafda6818e6496434ed8c5"},
    {file = "greenlet-3.2.4-cp311-cp311-win_amd64.whl", hash = "sha256:9c40adce87eaa9ddb593ccb0fa6a07caf34015a29bf8d344811665b573138db9"},
    {file = "greenlet-3.2.4-cp312-cp312-macosx_11_0_universal2.whl", hash = "sha256:3b67ca49f54cede0186854a008109d6ee71f66bd57bb36abd6d0a0267b540cdd"},
    {file = "greenlet-3.2.4-cp312-cp312-manylinux2014_aarch64.manylinux_2_17_aarch64.whl", hash = "sha256:ddf9164e7a5b08e9d22511526865780a576f19ddd00d62f8a665949327fde8bb"},
    {file = "greenlet-3.2.4-cp312-cp312-manylinux2014_ppc64le.manylinux_2_17_ppc64le.whl", hash = "sha256:f28588772bb5fb869a8eb331374ec06f24a83a9c25bfa1f38b6993afe9c1e968"},
    {file = "greenlet-3.2.4-cp312-cp312-manylinux2014_s390x.manylinux_2_17_s390x.whl", hash = "sha256:5c9320971821a7cb77cfab8d956fa8e39cd07ca44b6070db358ceb7f8797c8c9"},
    {file = "greenlet-3.2.4-cp312-cp312-manylinux2014_x86_64.manylinux_2_17_x86_64.whl", hash = "sha256:c60a6d84229b271d44b70fb6e5fa23781abb5d742af7b808ae3f6efd7c9c60f6"},
    {file = "greenlet-3.2.4-cp312-cp312-manylinux_2_24_x86_64.manylinux_2_28_x86_64.whl", hash = "sha256:3b3812d8d0c9579967815af437d96623f45c0f2ae5f04e366de62a12d83a8fb0"},
    {file = "greenlet-3.2.4-cp312-cp312-musllinux_1_1_aarch64.whl", hash = "sha256:abbf57b5a870d30c4675928c37278493044d7c14378350b3aa5d484fa65575f0"},
    {file = "greenlet-3.2.4-cp312-cp312-musllinux_1_1_x86_64.whl", hash = "sha256:20fb936b4652b6e307b8f347665e2c615540d4b42b3b4c8a321d8286da7e520f"},
    {file = "greenlet-3.2.4-cp312-cp312-musllinux_1_2_aarch64.whl", hash = "sha256:ee7a6ec486883397d70eec05059353b8e83eca9168b9f3f9a361971e77e0bcd0"},
    {file = "greenlet-3.2.4-cp312-cp312-musllinux_1_2_x86_64.whl", hash = "sha256:326d234cbf337c9c3def0676412eb7040a35a768efc92504b947b3e9cfc7543d"},
    {file = "greenlet-3.2.4-cp312-cp312-win_amd64.whl", hash = "sha256:a7d4e128405eea3814a12cc2605e0e6aedb4035bf32697f72deca74de4105e02"},
    {file = "greenlet-3.2.4-cp313-cp313-macosx_11_0_universal2.whl", hash = "sha256:1a921e542453fe531144e91e1feedf12e07351b1cf6c9e8a3325ea600a715a31"},
    {file = "greenlet-3.2.4-cp313-cp313-manylinux2014_aarch64.manylinux_2_17_aarch64.whl", hash = "sha256:cd3c8e693bff0fff6ba55f140bf390fa92c994083f838fece0f63be121334945"},
    {file = "greenlet-3.2.4-cp313-cp313-manylinux2014_ppc64le.manylinux_2_17_ppc64le.whl", hash = "sha256:710638eb93b1fa52823aa91bf75326f9ecdfd5e0466f00789246a5280f4ba0fc"},
    {file = "greenlet-3.2.4-cp313-cp313-manylinux2014_s390x.manylinux_2_17_s390x.whl", hash = "sha256:c5111ccdc9c88f423426df3fd1811bfc40ed66264d35aa373420a34377efc98a"},
    {file = "greenlet-3.2.4-cp313-cp313-manylinux2014_x86_64.manylinux_2_17_x86_64.whl", hash = "sha256:d76383238584e9711e20ebe14db6c88ddcedc1829a9ad31a584389463b5aa504"},
    {file = "greenlet-3.2.4-cp313-cp313-manylinux_2_24_x86_64.manylinux_2_28_x86_64.whl", hash = "sha256:23768528f2911bcd7e475210822ffb5254ed10d71f4028387e5a99b4c6699671"},
    {file = "greenlet-3.2.4-cp313-cp313-musllinux_1_1_aarch64.whl", hash = "sha256:00fadb3fedccc447f517ee0d3fd8fe49eae949e1cd0f6a611818f4f6fb7dc83b"},
    {file = "greenlet-3.2.4-cp313-cp313-musllinux_1_1_x86_64.whl", hash = "sha256:d25c5091190f2dc0eaa3f950252122edbbadbb682aa7b1ef2f8af0f8c0afefae"},
    {file = "greenlet-3.2.4-cp313-cp313-musllinux_1_2_aarch64.whl", hash = "sha256:6e343822feb58ac4d0a1211bd9399de2b3a04963ddeec21530fc426cc121f19b"},
    {file = "greenlet-3.2.4-cp313-cp313-musllinux_1_2_x86_64.whl", hash = "sha256:ca7f6f1f2649b89ce02f6f229d7c19f680a6238af656f61e0115b24857917929"},
    {file = "greenlet-3.2.4-cp313-cp313-win_amd64.whl", hash = "sha256:554b03b6e73aaabec3745364d6239e9e012d64c68ccd0b8430c64ccc14939a8b"},
    {file = "greenlet-3.2.4-cp314-cp314-macosx_11_0_universal2.whl", hash = "sha256:49a30d5fda2507ae77be16479bdb62a660fa51b1eb4928b524975b3bde77b3c0"},
    {file = "greenlet-3.2.4-cp314-cp314-manylinux2014_aarch64.manylinux_2_17_aarch64.whl", hash = "sha256:299fd615cd8fc86267b47597123e3f43ad79c9d8a22bebdce535e53550763e2f"},
    {file = "greenlet-3.2.4-cp314-cp314-manylinux2014_ppc64le.manylinux_2_17_ppc64le.whl", hash = "sha256:c17b6b34111ea72fc5a4e4beec9711d2226285f0386ea83477cbb97c30a3f3a5"},
    {file = "greenlet-3.2.4-cp314-cp314-manylinux2014_s390x.manylinux_2_17_s390x.whl", hash = "sha256:b4a1870c51720687af7fa3e7cda6d08d801dae660f75a76f3845b642b4da6ee1"},
    {file = "greenlet-3.2.4-cp314-cp314-manylinux2014_x86_64.manylinux_2_17_x86_64.whl", hash = "sha256:061dc4cf2c34852b052a8620d40f36324554bc192be474b9e9770e8c042fd735"},
    {file = "greenlet-3.2.4-cp314-cp314-manylinux_2_24_x86_64.manylinux_2_28_x86_64.whl", hash = "sha256:44358b9bf66c8576a9f57a590d5f5d6e72fa4228b763d0e43fee6d3b06d3a337"},
    {file = "greenlet-3.2.4-cp314-cp314-musllinux_1_2_aarch64.whl", hash = "sha256:2917bdf657f5859fbf3386b12d68ede4cf1f04c90c3a6bc1f013dd68a22e2269"},
    {file = "greenlet-3.2.4-cp314-cp314-musllinux_1_2_x86_64.whl", hash = "sha256:015d48959d4add5d6c9f6c5210ee3803a830dce46356e3bc326d6776bde54681"},
    {file = "greenlet-3.2.4-cp314-cp314-win_amd64.whl", hash = "sha256:e37ab26028f12dbb0ff65f29a8d3d44a765c61e729647bf2ddfbbed621726f01"},
    {file = "greenlet-3.2.4-cp39-cp39-macosx_11_0_universal2.whl", hash = "sha256:b6a7c19cf0d2742d0809a4c05975db036fdff50cd294a93632d6a310bf9ac02c"},
    {file = "greenlet-3.2.4-cp39-cp39-manylinux2014_aarch64.manylinux_2_17_aarch64.whl", hash = "sha256:27890167f55d2387576d1f41d9487ef171849ea0359ce1510ca6e06c8bece11d"},
    {file = "greenlet-3.2.4-cp39-cp39-manylinux2014_ppc64le.manylinux_2_17_ppc64le.whl", hash = "sha256:18d9260df2b5fbf41ae5139e1be4e796d99655f023a636cd0e11e6406cca7d58"},
    {file = "greenlet-3.2.4-cp39-cp39-manylinux2014_s390x.manylinux_2_17_s390x.whl", hash = "sha256:671df96c1f23c4a0d4077a325483c1503c96a1b7d9db26592ae770daa41233d4"},
    {file = "greenlet-3.2.4-cp39-cp39-manylinux2014_x86_64.manylinux_2_17_x86_64.whl", hash = "sha256:16458c245a38991aa19676900d48bd1a6f2ce3e16595051a4db9d012154e8433"},
    {file = "greenlet-3.2.4-cp39-cp39-manylinux_2_24_x86_64.manylinux_2_28_x86_64.whl", hash = "sha256:c9913f1a30e4526f432991f89ae263459b1c64d1608c0d22a5c79c287b3c70df"},
    {file = "greenlet-3.2.4-cp39-cp39-musllinux_1_1_aarch64.whl", hash = "sha256:b90654e092f928f110e0007f572007c9727b5265f7632c2fa7415b4689351594"},
    {file = "greenlet-3.2.4-cp39-cp39-musllinux_1_1_x86_64.whl", hash = "sha256:81701fd84f26330f0d5f4944d4e92e61afe6319dcd9775e39396e39d7c3e5f98"},
    {file = "greenlet-3.2.4-cp39-cp39-musllinux_1_2_aarch64.whl", hash = "sha256:28a3c6b7cd72a96f61b0e4b2a36f681025b60ae4779cc73c1535eb5f29560b10"},
    {file = "greenlet-3.2.4-cp39-cp39-musllinux_1_2_x86_64.whl", hash = "sha256:52206cd642670b0b320a1fd1cbfd95bca0e043179c1d8a045f2c6109dfe973be"},
    {file = "greenlet-3.2.4-cp39-cp39-win32.whl", hash = "sha256:65458b409c1ed459ea899e939f0e1cdb14f58dbc803f2f93c5eab5694d32671b"},
    {file = "greenlet-3.2.4-cp39-cp39-win_amd64.whl", hash = "sha256:d2e685ade4dafd447ede19c31277a224a239a0a1a4eca4e6390efedf20260cfb"},
    {file = "greenlet-3.2.4.tar.gz", hash = "sha256:0dca0d95ff849f9a364385f36ab49f50065d76964944638be9691e1832e9f86d"},
]

[package.extras]
docs = ["Sphinx", "furo"]
test = ["objgraph", "psutil", "setuptools"]

[[package]]
name = "h11"
version = "0.16.0"
description = "A pure-Python, bring-your-own-I/O implementation of HTTP/1.1"
optional = false
python-versions = ">=3.8"
groups = ["main"]
files = [
    {file = "h11-0.16.0-py3-none-any.whl", hash = "sha256:63cf8bbe7522de3bf65932fda1d9c2772064ffb3dae62d55932da54b31cb6c86"},
    {file = "h11-0.16.0.tar.gz", hash = "sha256:4e35b956cf45792e4caa5885e69fba00bdbc6ffafbfa020300e549b208ee5ff1"},
]

[[package]]
name = "httpcore"
version = "1.0.9"
description = "A minimal low-level HTTP client."
optional = false
python-versions = ">=3.8"
groups = ["main"]
files = [
    {file = "httpcore-1.0.9-py3-none-any.whl", hash = "sha256:2d400746a40668fc9dec9810239072b40b4484b640a8c38fd654a024c7a1bf55"},
    {file = "httpcore-1.0.9.tar.gz", hash = "sha256:6e34463af53fd2ab5d807f399a9b45ea31c3dfa2276f15a2c3f00afff6e176e8"},
]

[package.dependencies]
certifi = "*"
h11 = ">=0.16"

[package.extras]
asyncio = ["anyio (>=4.0,<5.0)"]
http2 = ["h2 (>=3,<5)"]
socks = ["socksio (==1.*)"]
trio = ["trio (>=0.22.0,<1.0)"]

[[package]]
name = "httpx"
version = "0.28.1"
description = "The next generation HTTP client."
optional = false
python-versions = ">=3.8"
groups = ["main"]
files = [
    {file = "httpx-0.28.1-py3-none-any.whl", hash = "sha256:d909fcccc110f8c7faf814ca82a9a4d816bc5a6dbfea25d6591d6985b8ba59ad"},
    {file = "httpx-0.28.1.tar.gz", hash = "sha256:75e98c5f16b0f35b567856f597f06ff2270a374470a5c2392242528e3e3e42fc"},
]

[package.dependencies]
anyio = "*"
certifi = "*"
httpcore = "==1.*"
idna = "*"

[package.extras]
brotli = ["brotli ; platform_python_implementation == \"CPython\"", "brotlicffi ; platform_python_implementation != \"CPython\""]
cli = ["click (==8.*)", "pygments (==2.*)", "rich (>=10,<14)"]
http2 = ["h2 (>=3,<5)"]
socks = ["socksio (==1.*)"]
zstd = ["zstandard (>=0.18.0)"]

[[package]]
name = "idna"
version = "3.11"
description = "Internationalized Domain Names in Applications (IDNA)"
optional = false
python-versions = ">=3.8"
groups = ["main"]
files = [
    {file = "idna-3.11-py3-none-any.whl", hash = "sha256:771a87f49d9defaf64091e6e6fe9c18d4833f140bd19464795bc32d966ca37ea"},
    {file = "idna-3.11.tar.gz", hash = "sha256:795dafcc9c04ed0c1fb032c2aa73654d8e8c5023a7df64a53f39190ada629902"},
]

[package.extras]
all = ["flake8 (>=7.1.1)", "mypy (>=1.11.2)", "pytest (>=8.3.2)", "ruff (>=0.6.2)"]

[[package]]
name = "iniconfig"
version = "2.3.0"
description = "brain-dead simple config-ini parsing"
optional = true
python-versions = ">=3.10"
groups = ["main"]
markers = "extra == \"dev\""
files = [
    {file = "iniconfig-2.3.0-py3-none-any.whl", hash = "sha256:f631c04d2c48c52b84d0d0549c99ff3859c98df65b3101406327ecc7d53fbf12"},
    {file = "iniconfig-2.3.0.tar.gz", hash = "sha256:c76315c77db068650d49c5b56314774a7804df16fee4402c1f19d6d15d8c4730"},
]

[[package]]
name = "mypy"
version = "1.18.2"
description = "Optional static typing for Python"
optional = true
python-versions = ">=3.9"
groups = ["main"]
markers = "extra == \"dev\""
files = [
    {file = "mypy-1.18.2-cp310-cp310-macosx_10_9_x86_64.whl", hash = "sha256:c1eab0cf6294dafe397c261a75f96dc2c31bffe3b944faa24db5def4e2b0f77c"},
    {file = "mypy-1.18.2-cp310-cp310-macosx_11_0_arm64.whl", hash = "sha256:7a780ca61fc239e4865968ebc5240bb3bf610ef59ac398de9a7421b54e4a207e"},
    {file = "mypy-1.18.2-cp310-cp310-manylinux2014_aarch64.manylinux_2_17_aarch64.manylinux_2_28_aarch64.whl", hash = "sha256:448acd386266989ef11662ce3c8011fd2a7b632e0ec7d61a98edd8e27472225b"},
    {file = "mypy-1.18.2-cp310-cp310-manylinux2014_x86_64.manylinux_2_17_x86_64.manylinux_2_28_x86_64.whl", hash = "sha256:f9e171c465ad3901dc652643ee4bffa8e9fef4d7d0eece23b428908c77a76a66"},
    {file = "mypy-1.18.2-cp310-cp310-musllinux_1_2_x86_64.whl", hash = "sha256:592ec214750bc00741af1f80cbf96b5013d81486b7bb24cb052382c19e40b428"},
    {file = "mypy-1.18.2-cp310-cp310-win_amd64.whl", hash = "sha256:7fb95f97199ea11769ebe3638c29b550b5221e997c63b14ef93d2e971606ebed"},
    {file = "mypy-1.18.2-cp311-cp311-macosx_10_9_x86_64.whl", hash = "sha256:807d9315ab9d464125aa9fcf6d84fde6e1dc67da0b6f80e7405506b8ac72bc7f"},
    {file = "mypy-1.18.2-cp311-cp311-macosx_11_0_arm64.whl", hash = "sha256:776bb00de1778caf4db739c6e83919c1d85a448f71979b6a0edd774ea8399341"},
    {file = "mypy-1.18.2-cp311-cp311-manylinux2014_aarch64.manylinux_2_17_aarch64.manylinux_2_28_aarch64.whl", hash = "sha256:1379451880512ffce14505493bd9fe469e0697543717298242574882cf8cdb8d"},
    {file = "mypy-1.18.2-cp311-cp311-manylinux2014_x86_64.manylinux_2_17_x86_64.manylinux_2_28_x86_64.whl", hash = "sha256:1331eb7fd110d60c24999893320967594ff84c38ac6d19e0a76c5fd809a84c86"},
    {file = "mypy-1.18.2-cp311-cp311-musllinux_1_2_x86_64.whl", hash = "sha256:3ca30b50a51e7ba93b00422e486cbb124f1c56a535e20eff7b2d6ab72b3b2e37"},
    {file = "mypy-1.18.2-cp311-cp311-win_amd64.whl", hash = "sha256:664dc726e67fa54e14536f6e1224bcfce1d9e5ac02426d2326e2bb4e081d1ce8"},
    {file = "mypy-1.18.2-cp312-cp312-macosx_10_13_x86_64.whl", hash = "sha256:33eca32dd124b29400c31d7cf784e795b050ace0e1f91b8dc035672725617e34"},
    {file = "mypy-1.18.2-cp312-cp312-macosx_11_0_arm64.whl", hash = "sha256:a3c47adf30d65e89b2dcd2fa32f3aeb5e94ca970d2c15fcb25e297871c8e4764"},
    {file = "mypy-1.18.2-cp312-cp312-manylinux2014_aarch64.manylinux_2_17_aarch64.manylinux_2_28_aarch64.whl", hash = "sha256:5d6c838e831a062f5f29d11c9057c6009f60cb294fea33a98422688181fe2893"},
    {file = "mypy-1.18.2-cp312-cp312-manylinux2014_x86_64.manylinux_2_17_x86_64.manylinux_2_28_x86_64.whl", hash = "sha256:01199871b6110a2ce984bde85acd481232d17413868c9807e95c1b0739a58914"},
    {file = "mypy-1.18.2-cp312-cp312-musllinux_1_2_x86_64.whl", hash = "sha256:a2afc0fa0b0e91b4599ddfe0f91e2c26c2b5a5ab263737e998d6817874c5f7c8"},
    {file = "mypy-1.18.2-cp312-cp312-win_amd64.whl", hash = "sha256:d8068d0afe682c7c4897c0f7ce84ea77f6de953262b12d07038f4d296d547074"},
    {file = "mypy-1.18.2-cp313-cp313-macosx_10_13_x86_64.whl", hash = "sha256:07b8b0f580ca6d289e69209ec9d3911b4a26e5abfde32228a288eb79df129fcc"},
    {file = "mypy-1.18.2-cp313-cp313-macosx_11_0_arm64.whl", hash = "sha256:ed4482847168439651d3feee5833ccedbf6657e964572706a2adb1f7fa4dfe2e"},
    {file = "mypy-1.18.2-cp313-cp313-manylinux2014_aarch64.manylinux_2_17_aarch64.manylinux_2_28_aarch64.whl", hash = "sha256:c3ad2afadd1e9fea5cf99a45a822346971ede8685cc581ed9cd4d42eaf940986"},
    {file = "mypy-1.18.2-cp313-cp313-manylinux2014_x86_64.manylinux_2_17_x86_64.manylinux_2_28_x86_64.whl", hash = "sha256:a431a6f1ef14cf8c144c6b14793a23ec4eae3db28277c358136e79d7d062f62d"},
    {file = "mypy-1.18.2-cp313-cp313-musllinux_1_2_x86_64.whl", hash = "sha256:7ab28cc197f1dd77a67e1c6f35cd1f8e8b73ed2217e4fc005f9e6a504e46e7ba"},
    {file = "mypy-1.18.2-cp313-cp313-win_amd64.whl", hash = "sha256:0e2785a84b34a72ba55fb5daf079a1003a34c05b22238da94fcae2bbe46f3544"},
    {file = "mypy-1.18.2-cp314-cp314-macosx_10_13_x86_64.whl", hash = "sha256:62f0e1e988ad41c2a110edde6c398383a889d95b36b3e60bcf155f5164c4fdce"},
    {file = "mypy-1.18.2-cp314-cp314-macosx_11_0_arm64.whl", hash = "sha256:8795a039bab805ff0c1dfdb8cd3344642c2b99b8e439d057aba30850b8d3423d"},
    {file = "mypy-1.18.2-cp314-cp314-manylinux2014_aarch64.manylinux_2_17_aarch64.manylinux_2_28_aarch64.whl", hash = "sha256:6ca1e64b24a700ab5ce10133f7ccd956a04715463d30498e64ea8715236f9c9c"},
    {file = "mypy-1.18.2-cp314-cp314-manylinux2014_x86_64.manylinux_2_17_x86_64.manylinux_2_28_x86_64.whl", hash = "sha256:d924eef3795cc89fecf6bedc6ed32b33ac13e8321344f6ddbf8ee89f706c05cb"},
    {file = "mypy-1.18.2-cp314-cp314-musllinux_1_2_x86_64.whl", hash = "sha256:20c02215a080e3a2be3aa50506c67242df1c151eaba0dcbc1e4e557922a26075"},
    {file = "mypy-1.18.2-cp314-cp314-win_amd64.whl", hash = "sha256:749b5f83198f1ca64345603118a6f01a4e99ad4bf9d103ddc5a3200cc4614adf"},
    {file = "mypy-1.18.2-cp39-cp39-macosx_10_9_x86_64.whl", hash = "sha256:25a9c8fb67b00599f839cf472713f54249a62efd53a54b565eb61956a7e3296b"},
    {file = "mypy-1.18.2-cp39-cp39-macosx_11_0_arm64.whl", hash = "sha256:c2b9c7e284ee20e7598d6f42e13ca40b4928e6957ed6813d1ab6348aa3f47133"},
    {file = "mypy-1.18.2-cp39-cp39-manylinux2014_aarch64.manylinux_2_17_aarch64.manylinux_2_28_aarch64.whl", hash = "sha256:d6985ed057513e344e43a26cc1cd815c7a94602fb6a3130a34798625bc2f07b6"},
    {file = "mypy-1.18.2-cp39-cp39-manylinux2014_x86_64.manylinux_2_17_x86_64.manylinux_2_28_x86_64.whl", hash = "sha256:22f27105f1525ec024b5c630c0b9f36d5c1cc4d447d61fe51ff4bd60633f47ac"},
    {file = "mypy-1.18.2-cp39-cp39-musllinux_1_2_x86_64.whl", hash = "sha256:030c52d0ea8144e721e49b1f68391e39553d7451f0c3f8a7565b59e19fcb608b"},
    {file = "mypy-1.18.2-cp39-cp39-win_amd64.whl", hash = "sha256:aa5e07ac1a60a253445797e42b8b2963c9675563a94f11291ab40718b016a7a0"},
    {file = "mypy-1.18.2-py3-none-any.whl", hash = "sha256:22a1748707dd62b58d2ae53562ffc4d7f8bcc727e8ac7cbc69c053ddc874d47e"},
    {file = "mypy-1.18.2.tar.gz", hash = "sha256:06a398102a5f203d7477b2923dda3634c36727fa5c237d8f859ef90c42a9924b"},
]

[package.dependencies]
mypy_extensions = ">=1.0.0"
pathspec = ">=0.9.0"
typing_extensions = ">=4.6.0"

[package.extras]
dmypy = ["psutil (>=4.0)"]
faster-cache = ["orjson"]
install-types = ["pip"]
mypyc = ["setuptools (>=50)"]
reports = ["lxml"]

[[package]]
name = "mypy-extensions"
version = "1.1.0"
description = "Type system extensions for programs checked with the mypy type checker."
optional = true
python-versions = ">=3.8"
groups = ["main"]
markers = "extra == \"dev\""
files = [
    {file = "mypy_extensions-1.1.0-py3-none-any.whl", hash = "sha256:1be4cccdb0f2482337c4743e60421de3a356cd97508abadd57d47403e94f5505"},
    {file = "mypy_extensions-1.1.0.tar.gz", hash = "sha256:52e68efc3284861e772bbcd66823fde5ae21fd2fdb51c62a211403730b916558"},
]

[[package]]
name = "packaging"
version = "25.0"
description = "Core utilities for Python packages"
optional = true
python-versions = ">=3.8"
groups = ["main"]
markers = "extra == \"dev\""
files = [
    {file = "packaging-25.0-py3-none-any.whl", hash = "sha256:29572ef2b1f17581046b3a2227d5c611fb25ec70ca1ba8554b24b0e69331a484"},
    {file = "packaging-25.0.tar.gz", hash = "sha256:d443872c98d677bf60f6a1f2f8c1cb748e8fe762d2bf9d3148b5599295b0fc4f"},
]

[[package]]
name = "pathspec"
version = "0.12.1"
description = "Utility library for gitignore style pattern matching of file paths."
optional = true
python-versions = ">=3.8"
groups = ["main"]
markers = "extra == \"dev\""
files = [
    {file = "pathspec-0.12.1-py3-none-any.whl", hash = "sha256:a0d503e138a4c123b27490a4f7beda6a01c6f288df0e4a8b79c7eb0dc7b4cc08"},
    {file = "pathspec-0.12.1.tar.gz", hash = "sha256:a482d51503a1ab33b1c67a6c3813a26953dbdc71c31dacaef9a838c4e29f5712"},
]

[[package]]
name = "pluggy"
version = "1.6.0"
description = "plugin and hook calling mechanisms for python"
optional = true
python-versions = ">=3.9"
groups = ["main"]
markers = "extra == \"dev\""
files = [
    {file = "pluggy-1.6.0-py3-none-any.whl", hash = "sha256:e920276dd6813095e9377c0bc5566d94c932c33b27a3e3945d8389c374dd4746"},
    {file = "pluggy-1.6.0.tar.gz", hash = "sha256:7dcc130b76258d33b90f61b658791dede3486c3e6bfb003ee5c9bfb396dd22f3"},
]

[package.extras]
dev = ["pre-commit", "tox"]
testing = ["coverage", "pytest", "pytest-benchmark"]

[[package]]
name = "pygments"
version = "2.19.2"
description = "Pygments is a syntax highlighting package written in Python."
optional = true
python-versions = ">=3.8"
groups = ["main"]
markers = "extra == \"dev\""
files = [
    {file = "pygments-2.19.2-py3-none-any.whl", hash = "sha256:86540386c03d588bb81d44bc3928634ff26449851e99741617ecb9037ee5ec0b"},
    {file = "pygments-2.19.2.tar.gz", hash = "sha256:636cb2477cec7f8952536970bc533bc43743542f70392ae026374600add5b887"},
]

[package.extras]
windows-terminal = ["colorama (>=0.4.6)"]

[[package]]
name = "pytest"
version = "8.4.2"
description = "pytest: simple powerful testing with Python"
optional = true
python-versions = ">=3.9"
groups = ["main"]
markers = "extra == \"dev\""
files = [
    {file = "pytest-8.4.2-py3-none-any.whl", hash = "sha256:872f880de3fc3a5bdc88a11b39c9710c3497a547cfa9320bc3c5e62fbf272e79"},
    {file = "pytest-8.4.2.tar.gz", hash = "sha256:86c0d0b93306b961d58d62a4db4879f27fe25513d4b969df351abdddb3c30e01"},
]

[package.dependencies]
colorama = {version = ">=0.4", markers = "sys_platform == \"win32\""}
iniconfig = ">=1"
packaging = ">=20"
pluggy = ">=1.5,<2"
pygments = ">=2.7.2"

[package.extras]
dev = ["argcomplete", "attrs (>=19.2)", "hypothesis (>=3.56)", "mock", "requests", "setuptools", "xmlschema"]

[[package]]
name = "pytest-socket"
version = "0.8.1"
description = "Pytest Plugin to disable socket calls during tests"
optional = true
python-versions = ">=3.10"
groups = ["main"]
markers = "extra == \"dev\""
files = [
    {file = "pytest_socket-0.8.1-py3-none-any.whl", hash = "sha256:f9846bed1dcd96eed459e5e14795bbaf96715cf4e827891fe70773817ecb8ed4"},
    {file = "pytest_socket-0.8.1.tar.gz", hash = "sha256:2f57787914ad2e1308d09ce141b95c3e55741fbb4fb7b7556593a6b063e0c9c7"},
]

[package.dependencies]
pytest = ">=7.0.0"

[[package]]
name = "ruff"
version = "0.16.8"
description = "An extremely fast Python linter and code formatter, written in Rust."
optional = true
python-versions = ">=3.7"
groups = ["main"]
markers = "extra == \"dev\""
files = [
    {file = "ruff-0.16.8-py3-none-linux_armv6l.whl", hash = "sha256:6ffbd6d87383c1edf5f6fa890f10200950240d7c1a16052a19a09d3a2307dd38"},
    {file = "ruff-0.16.8-py3-none-macosx_10_12_x86_64.whl", hash = "sha256:42ed6b878ed61e3acca92f2730a17acff39286944ea82398544696366a6f925e"},
    {file = "ruff-0.16.8-py3-none-macosx_11_0_arm64.whl", hash = "sha256:7ea781c7f2afba8c6a505ea0fb3f994020249e0c450635f5381286fea6b46170"},
    {file = "ruff-0.16.8-py3-none-manylinux_2_17_aarch64.manylinux2014_aarch64.whl", hash = "sha256:8efeae3bbe414a5efefda11a792dfb51ef90ac48d50c4830de2f644caf3e8659"},
    {file = "ruff-0.16.8-py3-none-manylinux_2_17_armv7l.manylinux2014_armv7l.whl", hash = "sha256:3a79b795469fef7fc6e908b218eed2eb17332afd85031db6480dc864560e69b2"},
    {file = "ruff-0.16.8-py3-none-manylinux_2_17_i686.manylinux2014_i686.whl", hash = "sha256:3fdc5563cdc50555e6fba39322850860e9267c1b3d12c26a74729d8604c3c812"},
    {file = "ruff-0.16.8-py3-none-manylinux_2_17_ppc64le.manylinux2014_ppc64le.whl", hash = "sha256:34508983c70665578dab88f5223d8e6228307e1135398ca8bfc8b7e9501e282b"},
    {file = "ruff-0.16.8-py3-none-manylinux_2_17_s390x.manylinux2014_s390x.whl", hash = "sha256:644bb578569e0ffc575741232bd385dacdd6fbe123f1a729e7a225f54aa3957f"},
    {file = "ruff-0.16.8-py3-none-manylinux_2_17_x86_64.manylinux2014_x86_64.whl", hash = "sha256:15e7d226246961db9235098333caa13063906d3851136b84c2900b82f5daa1df"},
    {file = "ruff-0.16.8-py3-none-manylinux_2_31_riscv64.whl", hash = "sha256:a2bf6bc3e9ebdd4449abc6f06cf64b98051a2c61cf94d2fe9596518c881f1a1e"},
    {file = "ruff-0.16.8-py3-none-musllinux_1_2_aarch64.whl", hash = "sha256:6ca111ba0849539165e9e59d2b442542f3c1e8060ebbdea82494f1ffbccb1e1f"},
    {file = "ruff-0.16.8-py3-none-musllinux_1_2_armv7l.whl", hash = "sha256:359a1e5b495448ee1e91018064382ebc86f90e8aac2fed222c7d0e4e8df85fd2"},
    {file = "ruff-0.16.8-py3-none-musllinux_1_2_i686.whl", hash = "sha256:59e8f5681349474110b24d62e93cfda6593f5fa3473446ca3705200cac1a08b9"},
    {file = "ruff-0.16.8-py3-none-musllinux_1_2_x86_64.whl", hash = "sha256:efa3e7a16d1baaa79957888dfdf8be9ef2e44db81cb032af06d76632ab59e773"},
    {file = "ruff-0.16.8-py3-none-win32.whl", hash = "sha256:55793ba85c69921e89be061426d91a78652d6e50317c962240922747a4eb713f"},
    {file = "ruff-0.16.8-py3-none-win_amd64.whl", hash = "sha256:a6b85621fd3c81e31fc5f5add09c9c078b430db3595ca632efafdec9e64ebfaa"},
    {file = "ruff-0.16.8-py3-none-win_arm64.whl", hash = "sha256:d075e820af612102ce217f07cc93e69f9490b10ec13ea85fa87bd03d996cef8a"},
    {file = "ruff-0.16.8.tar.gz", hash = "sha256:9247bf92b5f04d825c8639a4fe423ec2e4222acd9222e58412b0dab7e442798b"},
]

[[package]]
name = "sqlalchemy"
version = "2.0.54"
description = "Database Abstraction Library"
optional = false
python-versions = ">=3.7"
groups = ["main"]
files = [
    {file = "sqlalchemy-2.0.54-cp310-cp310-macosx_11_0_arm64.whl", hash = "sha256:24ae093dec196ba37fc2beb0316de53e7871d3d246a50faecbbb53034e41ded2"},
    {file = "sqlalchemy-2.0.54-cp310-cp310-manylinux2014_aarch64.manylinux_2_17_aarch64.manylinux_2_28_aarch64.whl", hash = "sha256:f8cc6532f930c27974e9239e5ce5abebe7600ba9807cea4fcf42f1b6cab18fe7"},
    {file = "sqlalchemy-2.0.54-cp310-cp310-manylinux2014_x86_64.manylinux_2_17_x86_64.manylinux_2_28_x86_64.whl", hash = "sha256:0e7a76d5dce712ce50435d0f97181eb955ec27d138c004176f01282e063bac52"},
    {file = "sqlalchemy-2.0.54-cp310-cp310-musllinux_1_2_aarch64.whl", hash = "sha256:f5c09090b1a7c4d389d1431f820931e8df318f82caafc53f9a72c872fef467c5"},
    {file = "sqlalchemy-2.0.54-cp310-cp310-musllinux_1_2_x86_64.whl", hash = "sha256:762cfe4d340c56368256d936a98b620a9a5650e49c1c84eba51d6edd17ffefb2"},
    {file = "sqlalchemy-2.0.54-cp310-cp310-win32.whl", hash = "sha256:6b6d4e601c4f6d85e99bb3416107cc9418c5603ca73d4ee0f5f8d79c2a1ed9e8"},
    {file = "sqlalchemy-2.0.54-cp310-cp310-win_amd64.whl", hash = "sha256:03cbf8d9a67da618bd65500a5eb3ddac89caf4c61e99b2f03fa4a1952a0725a9"},
    {file = "sqlalchemy-2.0.54-cp311-cp311-macosx_11_0_arm64.whl", hash = "sha256:7d03084f3352dd92048cb19c71d90f116d076c9c7937e0ebc7752c4685de6d38"},
    {file = "sqlalchemy-2.0.54-cp311-cp311-manylinux2014_aarch64.manylinux_2_17_aarch64.manylinux_2_28_aarch64.whl", hash = "sha256:92622fbbda1b1fe1632f3402a6e516a93c0e41d9158839c6b3dfb12117f26b72"},
    {file = "sqlalchemy-2.0.54-cp311-cp311-manylinux2014_x86_64.manylinux_2_17_x86_64.manylinux_2_28_x86_64.whl", hash = "sha256:5800ddea045c2c860ef1d359a07a3066c7c0c426f45e3abc3874e116cb3c6937"},
    {file = "sqlalchemy-2.0.54-cp311-cp311-musllinux_1_2_aarch64.whl", hash = "sha256:1019abef05a4b5eafc8eae6fb483167fa28a4dbe5f518d577b744f31a5276a37"},
    {file = "sqlalchemy-2.0.54-cp311-cp311-musllinux_1_2_x86_64.whl", hash = "sha256:b67749f7da3985a529cefbb1474783cb91ef44371cb9713630bade3de908760d"},
    {file = "sqlalchemy-2.0.54-cp311-cp311-win32.whl", hash = "sha256:2f61a70b3b82e2ec7ad6a4f2301422b9ca93ff06917983e41317bcae878bddf6"},
    {file = "sqlalchemy-2.0.54-cp311-cp311-win_amd64.whl", hash = "sha256:1d887fbd5d248e250807bd801e697fc73e3b44866ce5f093dbc90512e75bde25"},
    {file = "sqlalchemy-2.0.54-cp312-cp312-macosx_11_0_arm64.whl", hash = "sha256:ffba7eb2d67c7505e82a0902aa854d8824b74c28a183820d6a8bd3cfd0f812c2"},
    {file = "sqlalchemy-2.0.54-cp312-cp312-manylinux2014_aarch64.manylinux_2_17_aarch64.manylinux_2_28_aarch64.whl", hash = "sha256:63cae7210fea9899e0bf35c1f1ae55d3ddd9c6d47cae8b6b43d945afa79dd65b"},
    {file = "sqlalchemy-2.0.54-cp312-cp312-manylinux2014_x86_64.manylinux_2_17_x86_64.manylinux_2_28_x86_64.whl", hash = "sha256:68d994e9b0d0423a02a20039631fa6fcbb7fa829a992f7605025774940305d19"},
    {file = "sqlalchemy-2.0.54-cp312-cp312-musllinux_1_2_aarch64.whl", hash = "sha256:3de32cc6721eb42c3aad35bcfb244bb7a18f66c00f3582aae6281d6287a339b5"},
    {file = "sqlalchemy-2.0.54-cp312-cp312-musllinux_1_2_x86_64.whl", hash = "sha256:d31a2bc06a854ee52dd86b455be4df7c750b28817e2d1b884e31fff126c4fd7b"},
    {file = "sqlalchemy-2.0.54-cp312-cp312-win32.whl", hash = "sha256:32de6deded25e8b9b11d07428d496ff24dfbc882b8e990c177266948cb5f3d9e"},
    {file = "sqlalchemy-2.0.54-cp312-cp312-win_amd64.whl", hash = "sha256:d65f8ca742ef1e1e14bc417ef59dc2ddf207a7b66b30cfdc6152447314e030cf"},
    {file = "sqlalchemy-2.0.54-cp313-cp313-macosx_11_0_arm64.whl", hash = "sha256:b374e3bc91e246a942592a98ba6a23be76fff21358b00546ac8c0ebc0fd0e00b"},
    {file = "sqlalchemy-2.0.54-cp313-cp313-manylinux2014_aarch64.manylinux_2_17_aarch64.manylinux_2_28_aarch64.whl", hash = "sha256:31d5458672a6f72db2c087f4a5098b3c8503ea0254186ff29205d63afa9401a4"},
    {file = "sqlalchemy-2.0.54-cp313-cp313-manylinux2014_x86_64.manylinux_2_17_x86_64.manylinux_2_28_x86_64.whl", hash = "sha256:cad78d04254967bdbcccbed5e631d88fe4868530946ab0929aa45e9032849518"},
    {file = "sqlalchemy-2.0.54-cp313-cp313-musllinux_1_2_aarch64.whl", hash = "sha256:48611087a75d26d798003645c688c7d3cfc26b89dbe4a2c568d6b378d330deae"},
    {file = "sqlalchemy-2.0.54-cp313-cp313-musllinux_1_2_x86_64.whl", hash = "sha256:d6adf80277372a89910a0f3ccfe960b846d279dc55b366dd5c5ec07f41c84758"},
    {file = "sqlalchemy-2.0.54-cp313-cp313-win32.whl", hash = "sha256:264460333ed0b177cbb1956355d0ee4e0cab83fb415c934ce12a25db2e7be39c"},
    {file = "sqlalchemy-2.0.54-cp313-cp313-win_amd64.whl", hash = "sha256:cf89e92bf0d4204a6afcc17af27b9271ed9c7e34e17d6f80c085d431ea4a1747"},
    {file = "sqlalchemy-2.0.54-cp314-cp314-macosx_11_0_arm64.whl", hash = "sha256:abd6b21bc58e91c1932eb5d6d7f1bd44a551dfec7b6a7f517c3638ccd67233a0"},
    {file = "sqlalchemy-2.0.54-cp314-cp314-manylinux2014_aarch64.manylinux_2_17_aarch64.manylinux_2_28_aarch64.whl", hash = "sha256:5417322b3c025dd82918725d3bf09ec105fac95efc195722b8b06e1d9c381139"},
    {file = "sqlalchemy-2.0.54-cp314-cp314-manylinux2014_x86_64.manylinux_2_17_x86_64.manylinux_2_28_x86_64.whl", hash = "sha256:6f84099e4b04a5c2d44500a2a8302eee5af4bc6fee63e8c6e9cf6786e747280e"},
    {file = "sqlalchemy-2.0.54-cp314-cp314-musllinux_1_2_aarch64.whl", hash = "sha256:a0956dc754d3884da7fe60097110ec7a8a105d26afa2f0844468f4b1598c6912"},
    {file = "sqlalchemy-2.0.54-cp314-cp314-musllinux_1_2_x86_64.whl", hash = "sha256:87ba8834318b0d8dc94fc6f405d071b5c08be32a6c3fd68107fd6952ee949615"},
    {file = "sqlalchemy-2.0.54-cp314-cp314-win32.whl", hash = "sha256:842540e4382472f23c79589995752648d14696a8200d0807ed8c5c59c92ade44"},
    {file = "sqlalchemy-2.0.54-cp314-cp314-win_amd64.whl", hash = "sha256:f4e8f955d13af83fb4e35c3472e5377ee22d3445eada1e5e48199588edb69835"},
    {file = "sqlalchemy-2.0.54-cp314-cp314t-macosx_11_0_arm64.whl", hash = "sha256:ca05f4e7852cf48083b0cf157e4f9504b7068780422a50fa82f45353b8c5e14a"},
    {file = "sqlalchemy-2.0.54-cp314-cp314t-manylinux2014_aarch64.manylinux_2_17_aarch64.manylinux_2_28_aarch64.whl", hash = "sha256:18a8b6417cbb7b735cf91c2b59453c2a554cefa0a8d7bd15aa35740739410d77"},
    {file = "sqlalchemy-2.0.54-cp314-cp314t-manylinux2014_x86_64.manylinux_2_17_x86_64.manylinux_2_28_x86_64.whl", hash = "sha256:4e55a0b96a1577a1e108c91ccdeeb9cd92768f28ce206597311c3bf6d6423abd"},
    {file = "sqlalchemy-2.0.54-cp314-cp314t-musllinux_1_2_aarch64.whl", hash = "sha256:69cab115c40fd02c5a22c68e4ee630fa6ef9a1650f1de944419aab1f7096fc4f"},
    {file = "sqlalchemy-2.0.54-cp314-cp314t-musllinux_1_2_x86_64.whl", hash = "sha256:e08397c6c42f53b2488acde9108b8bfefd52d7afd1bf2f03d2ffcab7a204aceb"},
    {file = "sqlalchemy-2.0.54-cp314-cp314t-win32.whl", hash = "sha256:b9086b8ad48280ef6a7ba68262d5e44f7db1c4cb1973e8cdae8a9f467ae66f51"},
    {file = "sqlalchemy-2.0.54-cp314-cp314t-win_amd64.whl", hash = "sha256:b67c1744e453af833667fc1b84de07adb4a64f3536ef52a8ec5ac2b941d43970"},
    {file = "sqlalchemy-2.0.54-cp38-cp38-macosx_11_0_arm64.whl", hash = "sha256:330d35f9ce815d35cb1daab038d4d7ec0e907f4d7ed0fc8bcb2411d1f23d0b50"},
    {file = "sqlalchemy-2.0.54-cp38-cp38-manylinux2014_aarch64.manylinux_2_17_aarch64.manylinux_2_28_aarch64.whl", hash = "sha256:e1f455db400289f77ba2f7b62fffafe8875153812d0e3777aa4ff2b34a0fc1f7"},
    {file = "sqlalchemy-2.0.54-cp38-cp38-manylinux2014_x86_64.manylinux_2_17_x86_64.manylinux_2_28_x86_64.whl", hash = "sha256:4e8a4afcc7d714cc3c8a57facdff4c3529f5f93d71e54b7da1e03e022c9089c9"},
    {file = "sqlalchemy-2.0.54-cp38-cp38-musllinux_1_2_aarch64.whl", hash = "sha256:34e10af7d274a5c4b7cd0fced5e7361008c5e07d97dd48a93852d5b2f1142a1c"},
    {file = "sqlalchemy-2.0.54-cp38-cp38-musllinux_1_2_x86_64.whl", hash = "sha256:7108f410f596c5ac22fe43ba467e864d27c4e1477ae89e90c6c87120b2c1be23"},
    {file = "sqlalchemy-2.0.54-cp38-cp38-win32.whl", hash = "sha256:c1a3455a88f66e4851792bedb098ed942912253d31caed1dbc58afbfa9e875cd"},
    {file = "sqlalchemy-2.0.54-cp38-cp38-win_amd64.whl", hash = "sha256:f3ea33bcf0aa599c1511fe5c9fb126f45aa450419084c4823f786155fe4c79f1"},
    {file = "sqlalchemy-2.0.54-cp39-cp39-macosx_11_0_arm64.whl", hash = "sha256:b6c419c83a87fd901f0b1b5338ffcb82471c3ac32a86bb8883688c18f8eb85d3"},
    {file = "sqlalchemy-2.0.54-cp39-cp39-manylinux2014_aarch64.manylinux_2_17_aarch64.manylinux_2_28_aarch64.whl", hash = "sha256:415239eb2ddbbc508ba4cac97affb91c0f210548fd1731edda6e529b0bb93015"},
    {file = "sqlalchemy-2.0.54-cp39-cp39-manylinux2014_x86_64.manylinux_2_17_x86_64.manylinux_2_28_x86_64.whl", hash = "sha256:279bde5bfedb0f3e0f1bdbcffa2daa39c6c54d90f9408ef3b1802001597199f0"},
    {file = "sqlalchemy-2.0.54-cp39-cp39-musllinux_1_2_aarch64.whl", hash = "sha256:7b973e4facc2f80e42f5a27b841feb7e202661881a6320580abbe597a28a007f"},
    {file = "sqlalchemy-2.0.54-cp39-cp39-musllinux_1_2_x86_64.whl", hash = "sha256:deeab253fe01a770f634c7007c73702df2324c868a79ae756507a9a1a76294fe"},
    {file = "sqlalchemy-2.0.54-cp39-cp39-win32.whl", hash = "sha256:d566099d60cded87d175d4171dc899b9613d2e3b663573364565ca1b27ccd241"},
    {file = "sqlalchemy-2.0.54-cp39-cp39-win_amd64.whl", hash = "sha256:744fb219a390561a57dbbd59cd69a22b5b5b2facfde794c1f79236dd847fa67a"},
    {file = "sqlalchemy-2.0.54-py3-none-any.whl", hash = "sha256:7e33a631ab1474f8fe6b910bd1a07b7b8009c4c78cdd3fb18001b03e3bc2e1d2"},
    {file = "sqlalchemy-2.0.54.tar.gz", hash = "sha256:baa8521e8ee9f24e75dfc7aaabc08020e551ef0d48d7c3e3536f5cddf277586b"},
]

[package.dependencies]
greenlet = {version = ">=1", markers = "platform_machine == \"aarch64\" or platform_machine == \"ppc64le\" or platform_machine == \"x86_64\" or platform_machine == \"amd64\" or platform_machine == \"AMD64\" or platform_machine == \"win32\" or platform_machine == \"WIN32\""}
typing-extensions = ">=4.6.0"

[package.extras]
aiomysql = ["aiomysql (>=0.2.0)", "greenlet (>=1)"]
aioodbc = ["aioodbc", "greenlet (>=1)"]
aiosqlite = ["aiosqlite", "greenlet (>=1)", "typing_extensions (!=3.10.0.1)"]
asyncio = ["greenlet (>=1)"]
asyncmy = ["asyncmy (>=0.2.12)", "greenlet (>=1)"]
mariadb-connector = ["mariadb (>=1.0.1,!=1.1.2,!=1.1.5,!=1.1.10)"]
mssql = ["pyodbc"]
mssql-pymssql = ["pymssql"]
mssql-pyodbc = ["pyodbc"]
mypy = ["mypy (>=0.910)"]
mysql = ["mysqlclient (>=1.4.0)"]
mysql-connector = ["mysql-connector-python"]
oracle = ["cx_oracle (>=8)"]
oracle-oracledb = ["oracledb (>=1.0.1)"]
postgresql = ["psycopg2 (>=2.7)"]
postgresql-asyncpg = ["asyncpg", "greenlet (>=1)"]
postgresql-pg8000 = ["pg8000 (>=1.29.1)"]
postgresql-psycopg = ["psycopg (>=3.0.7)"]
postgresql-psycopg2binary = ["psycopg2-binary"]
postgresql-psycopg2cffi = ["psycopg2cffi"]
postgresql-psycopgbinary = ["psycopg[binary] (>=3.0.7)"]
pymysql = ["pymysql"]
sqlcipher = ["sqlcipher3_binary"]

[[package]]
name = "sqlalchemy-cloudflare-d1"
version = "0.4.0"
description = "A SQLAlchemy dialect for Cloudflare's D1 Serverless SQLite Database"
optional = false
python-versions = ">=3.9"
groups = ["main"]
files = [
    {file = "sqlalchemy_cloudflare_d1-0.4.0-py3-none-any.whl", hash = "sha256:c6d0808aea73ed32f295c656bf57036fdba8d5ca1ef3ca7730a05d836ea8f0fa"},
    {file = "sqlalchemy_cloudflare_d1-0.4.0.tar.gz", hash = "sha256:530591c3833d775e7ac0fb5fcd5732d7579d9fcc133d8861af436e341a54e53d"},
]

[package.dependencies]
httpx = ">=0.24.0"
sqlalchemy = ">=2.0.0"
typing-extensions = ">=4.0.0"

[package.extras]
async = ["greenlet (>=3.2.3)"]
dev = ["black (>=23.0.0)", "isort (>=5.12.0)", "mypy (>=1.0.0)", "pytest (>=7.0.0)", "pytest-asyncio (>=0.21.0)", "ruff (==0.12.4)"]
hyperdrive = ["pg8000 (>=1.30.0)"]
hyperdrive-mysql = ["pymysql (>=1.1.0)"]

[[package]]
name = "typing-extensions"
version = "4.15.0"
description = "Backported and Experimental Type Hints for Python 3.9+"
optional = false
python-versions = ">=3.9"
groups = ["main"]
files = [
    {file = "typing_extensions-4.15.0-py3-none-any.whl", hash = "sha256:f0fa19c6845758ab08074a0cfa8b7aecb71c999ca73d62883bc25cc018c4e548"},
    {file = "typing_extensions-4.15.0.tar.gz", hash = "sha256:0cea48d173cc12fa28ecabc3b837ea3cf6f38c6d1136f85cbaaf598984861466"},
]

[extras]
dev = ["mypy", "pytest", "pytest-socket", "ruff"]

[metadata]
lock-version = "2.1"
python-versions = ">=3.11"
content-hash = "f4a4164792ade23b597bbbcf0b750bca2dce994f03f41938fae87af4fce8ac3b"
